# THIS IS AN AUTOGENERATED FILE. DO NOT EDIT THIS FILE DIRECTLY.
# yarn lockfile v1


adm-zip@0.4.4:
  version "0.4.4"
  resolved "https://registry.yarnpkg.com/adm-zip/-/adm-zip-0.4.4.tgz#a61ed5ae6905c3aea58b3a657d25033091052736"
  integrity sha1-ph7VrmkFw66lizplfSUDMJEFJzY=

ansi-regex@^0.2.0, ansi-regex@^0.2.1:
  version "0.2.1"
  resolved "https://registry.yarnpkg.com/ansi-regex/-/ansi-regex-0.2.1.tgz#0d8e946967a3d8143f93e24e298525fc1b2235f9"
  integrity sha1-DY6UaWej2BQ/k+JOKYUl/BsiNfk=

ansi-styles@^1.1.0:
  version "1.1.0"
  resolved "https://registry.yarnpkg.com/ansi-styles/-/ansi-styles-1.1.0.tgz#eaecbf66cd706882760b2f4691582b8f55d7a7de"
  integrity sha1-6uy/Zs1waIJ2Cy9GkVgrj1XXp94=

chalk@0.5.1:
  version "0.5.1"
  resolved "https://registry.yarnpkg.com/chalk/-/chalk-0.5.1.tgz#663b3a648b68b55d04690d49167aa837858f2174"
  integrity sha1-Zjs6ZItotV0EaQ1JFnqoN4WPIXQ=
  dependencies:
    ansi-styles "^1.1.0"
    escape-string-regexp "^1.0.0"
    has-ansi "^0.1.0"
    strip-ansi "^0.3.0"
    supports-color "^0.2.0"

commander@2.6.0:
  version "2.6.0"
  resolved "https://registry.yarnpkg.com/commander/-/commander-2.6.0.tgz#9df7e52fb2a0cb0fb89058ee80c3104225f37e1d"
  integrity sha1-nfflL7Kgyw+4kFjugMMQQiXzfh0=

escape-string-regexp@^1.0.0:
  version "1.0.5"
  resolved "https://registry.yarnpkg.com/escape-string-regexp/-/escape-string-regexp-1.0.5.tgz#1b61c0562190a8dff6ae3bb2cf0200ca130b86d4"
  integrity sha1-G2HAViGQqN/2rjuyzwIAyhMLhtQ=

has-ansi@^0.1.0:
  version "0.1.0"
  resolved "https://registry.yarnpkg.com/has-ansi/-/has-ansi-0.1.0.tgz#84f265aae8c0e6a88a12d7022894b7568894c62e"
  integrity sha1-hPJlqujA5qiKEtcCKJS3VoiUxi4=
  dependencies:
    ansi-regex "^0.2.0"

ncp@1.0.1:
  version "1.0.1"
  resolved "https://registry.yarnpkg.com/ncp/-/ncp-1.0.1.tgz#d15367e5cb87432ba117d2bf80fdf45aecfb4246"
  integrity sha1-0VNn5cuHQyuhF9K/gP30Wuz7QkY=

shelljs@0.3.0:
  version "0.3.0"
  resolved "https://registry.yarnpkg.com/shelljs/-/shelljs-0.3.0.tgz#3596e6307a781544f591f37da618360f31db57b1"
  integrity sha1-NZbmMHp4FUT1kfN9phg2DzHbV7E=

strip-ansi@^0.3.0:
  version "0.3.0"
  resolved "https://registry.yarnpkg.com/strip-ansi/-/strip-ansi-0.3.0.tgz#25f48ea22ca79187f3174a4db8759347bb126220"
  integrity sha1-JfSOoiynkYfzF0pNuHWTR7sSYiA=
  dependencies:
    ansi-regex "^0.2.1"

supports-color@^0.2.0:
  version "0.2.0"
  resolved "https://registry.yarnpkg.com/supports-color/-/supports-color-0.2.0.tgz#d92de2694eb3f67323973d7ae3d8b55b4c22190a"
  integrity sha1-2S3iaU6z9nMjlz1649i1W0wiGQo=
